// !$*UTF8*$!
{
	archiveVersion = 1;
	classes = {
	};
	objectVersion = 56;
	objects = {

/* Begin PBXBuildFile section */
		2444452E2B33FA8E001854DD /* LocationPreviewView.swift in Sources */ = {isa = PBXBuildFile; fileRef = 2444452D2B33FA8E001854DD /* LocationPreviewView.swift */; };
		244445322B351B44001854DD /* Tower.jpg in Resources */ = {isa = PBXBuildFile; fileRef = 244445312B351B44001854DD /* Tower.jpg */; };
		245C35412B3900E800CD3DC1 /* METAR in Frameworks */ = {isa = PBXBuildFile; productRef = 245C35402B3900E800CD3DC1 /* METAR */; };
		246715512B436D0B00DCDFAB /* Special.json in Resources */ = {isa = PBXBuildFile; fileRef = 246715502B436D0B00DCDFAB /* Special.json */; };
		246715532B43C61800DCDFAB /* TFR.json in Resources */ = {isa = PBXBuildFile; fileRef = 246715522B43C61800DCDFAB /* TFR.json */; };
		246715552B43E76E00DCDFAB /* ASpace_bounds.json in Resources */ = {isa = PBXBuildFile; fileRef = 246715542B43E76D00DCDFAB /* ASpace_bounds.json */; };
		246715572B43E7AD00DCDFAB /* Staduims.json in Resources */ = {isa = PBXBuildFile; fileRef = 246715562B43E7AD00DCDFAB /* Staduims.json */; };
		246715592B43F79000DCDFAB /* Class_B.json in Resources */ = {isa = PBXBuildFile; fileRef = 246715582B43F79000DCDFAB /* Class_B.json */; };
		2477B8102B42303A004523FD /* MapView .swift in Sources */ = {isa = PBXBuildFile; fileRef = 2477B80F2B42303A004523FD /* MapView .swift */; };
		2477B8122B424B9B004523FD /* AnnotationView.swift in Sources */ = {isa = PBXBuildFile; fileRef = 2477B8112B424B9B004523FD /* AnnotationView.swift */; };
		24813A162B42B125003616F6 /* Map.geojson in Resources */ = {isa = PBXBuildFile; fileRef = 24813A152B42B125003616F6 /* Map.geojson */; };
		248A9F012B2D660400C99490 /* New_ForeflightApp.swift in Sources */ = {isa = PBXBuildFile; fileRef = 248A9F002B2D660400C99490 /* New_ForeflightApp.swift */; };
		248A9F032B2D660400C99490 /* ContentView.swift in Sources */ = {isa = PBXBuildFile; fileRef = 248A9F022B2D660400C99490 /* ContentView.swift */; };
		248A9F052B2D660A00C99490 /* Assets.xcassets in Resources */ = {isa = PBXBuildFile; fileRef = 248A9F042B2D660A00C99490 /* Assets.xcassets */; };
		248A9F092B2D660A00C99490 /* Preview Assets.xcassets in Resources */ = {isa = PBXBuildFile; fileRef = 248A9F082B2D660A00C99490 /* Preview Assets.xcassets */; };
		248A9F132B2D660A00C99490 /* New_ForeflightTests.swift in Sources */ = {isa = PBXBuildFile; fileRef = 248A9F122B2D660A00C99490 /* New_ForeflightTests.swift */; };
		248A9F1D2B2D660B00C99490 /* New_ForeflightUITests.swift in Sources */ = {isa = PBXBuildFile; fileRef = 248A9F1C2B2D660B00C99490 /* New_ForeflightUITests.swift */; };
		248A9F1F2B2D660B00C99490 /* New_ForeflightUITestsLaunchTests.swift in Sources */ = {isa = PBXBuildFile; fileRef = 248A9F1E2B2D660B00C99490 /* New_ForeflightUITestsLaunchTests.swift */; };
		248DE9AE2B377501007C976D /* AirportDetailsView.swift in Sources */ = {isa = PBXBuildFile; fileRef = 248DE9AD2B377501007C976D /* AirportDetailsView.swift */; };
		249164572B32762E00D505AC /* Airports.txt in Resources */ = {isa = PBXBuildFile; fileRef = 249164562B32762E00D505AC /* Airports.txt */; };
		249164592B32F37600D505AC /* Airport.swift in Sources */ = {isa = PBXBuildFile; fileRef = 249164582B32F37600D505AC /* Airport.swift */; };
		2491645B2B32F3F800D505AC /* Reading.swift in Sources */ = {isa = PBXBuildFile; fileRef = 2491645A2B32F3F800D505AC /* Reading.swift */; };
		249AEE902B4BDFC1003459EA /* Titlesection.swift in Sources */ = {isa = PBXBuildFile; fileRef = 249AEE8F2B4BDFC1003459EA /* Titlesection.swift */; };
		24C7CAF12B3E85D4009EA545 /* WebView.swift in Sources */ = {isa = PBXBuildFile; fileRef = 24C7CAF02B3E85D4009EA545 /* WebView.swift */; };
		24CF75162B3D611B00B751E0 /* PlatesView.swift in Sources */ = {isa = PBXBuildFile; fileRef = 24CF75152B3D611B00B751E0 /* PlatesView.swift */; };
		24CF75182B3D612E00B751E0 /* PlatesViewModel.swift in Sources */ = {isa = PBXBuildFile; fileRef = 24CF75172B3D612E00B751E0 /* PlatesViewModel.swift */; };
		24CF751A2B3D614900B751E0 /* NotamsViewModel.swift in Sources */ = {isa = PBXBuildFile; fileRef = 24CF75192B3D614900B751E0 /* NotamsViewModel.swift */; };
		24CF751C2B3D615A00B751E0 /* FrequenciesView.swift in Sources */ = {isa = PBXBuildFile; fileRef = 24CF751B2B3D615A00B751E0 /* FrequenciesView.swift */; };
		24CF751E2B3D616A00B751E0 /* FrequenciesViewModel.swift in Sources */ = {isa = PBXBuildFile; fileRef = 24CF751D2B3D616A00B751E0 /* FrequenciesViewModel.swift */; };
		24D9C12D2B37893B00772DF1 /* AirportDetailModel.swift in Sources */ = {isa = PBXBuildFile; fileRef = 24D9C12C2B37893B00772DF1 /* AirportDetailModel.swift */; };
		24D9C12F2B37F8CB00772DF1 /* METAR_View.swift in Sources */ = {isa = PBXBuildFile; fileRef = 24D9C12E2B37F8CB00772DF1 /* METAR_View.swift */; };
		24D9C1312B37F90100772DF1 /* RunwaysView.swift in Sources */ = {isa = PBXBuildFile; fileRef = 24D9C1302B37F90100772DF1 /* RunwaysView.swift */; };
		24D9C1332B37F92200772DF1 /* NOTAMS_View .swift in Sources */ = {isa = PBXBuildFile; fileRef = 24D9C1322B37F92200772DF1 /* NOTAMS_View .swift */; };
		24D9C1362B381C3500772DF1 /* METAR_Parser.swift in Sources */ = {isa = PBXBuildFile; fileRef = 24D9C1352B381C3500772DF1 /* METAR_Parser.swift */; };
		24DD6BBF2B36C0E000CA6029 /* API_Req.swift in Sources */ = {isa = PBXBuildFile; fileRef = 24DD6BBE2B36C0E000CA6029 /* API_Req.swift */; };
		24F33F562B4365A9003EABB4 /* Maps in Resources */ = {isa = PBXBuildFile; fileRef = 24F33F552B4365A9003EABB4 /* Maps */; };
/* End PBXBuildFile section */

/* Begin PBXContainerItemProxy section */
		248A9F0F2B2D660A00C99490 /* PBXContainerItemProxy */ = {
			isa = PBXContainerItemProxy;
			containerPortal = 248A9EF52B2D660400C99490 /* Project object */;
			proxyType = 1;
			remoteGlobalIDString = 248A9EFC2B2D660400C99490;
			remoteInfo = New_Foreflight;
		};
		248A9F192B2D660B00C99490 /* PBXContainerItemProxy */ = {
			isa = PBXContainerItemProxy;
			containerPortal = 248A9EF52B2D660400C99490 /* Project object */;
			proxyType = 1;
			remoteGlobalIDString = 248A9EFC2B2D660400C99490;
			remoteInfo = New_Foreflight;
		};
/* End PBXContainerItemProxy section */

/* Begin PBXFileReference section */
		2444452D2B33FA8E001854DD /* LocationPreviewView.swift */ = {isa = PBXFileReference; lastKnownFileType = sourcecode.swift; path = LocationPreviewView.swift; sourceTree = "<group>"; };
		244445312B351B44001854DD /* Tower.jpg */ = {isa = PBXFileReference; lastKnownFileType = image.jpeg; path = Tower.jpg; sourceTree = "<group>"; };
		246715502B436D0B00DCDFAB /* Special.json */ = {isa = PBXFileReference; lastKnownFileType = text.json; path = Special.json; sourceTree = "<group>"; };
		246715522B43C61800DCDFAB /* TFR.json */ = {isa = PBXFileReference; lastKnownFileType = text.json; path = TFR.json; sourceTree = "<group>"; };
		246715542B43E76D00DCDFAB /* ASpace_bounds.json */ = {isa = PBXFileReference; lastKnownFileType = text.json; path = ASpace_bounds.json; sourceTree = "<group>"; };
		246715562B43E7AD00DCDFAB /* Staduims.json */ = {isa = PBXFileReference; lastKnownFileType = text.json; path = Staduims.json; sourceTree = "<group>"; };
		246715582B43F79000DCDFAB /* Class_B.json */ = {isa = PBXFileReference; lastKnownFileType = text.json; path = Class_B.json; sourceTree = "<group>"; };
		2477B80F2B42303A004523FD /* MapView .swift */ = {isa = PBXFileReference; lastKnownFileType = sourcecode.swift; path = "MapView .swift"; sourceTree = "<group>"; };
		2477B8112B424B9B004523FD /* AnnotationView.swift */ = {isa = PBXFileReference; lastKnownFileType = sourcecode.swift; path = AnnotationView.swift; sourceTree = "<group>"; };
		24813A152B42B125003616F6 /* Map.geojson */ = {isa = PBXFileReference; lastKnownFileType = text; path = Map.geojson; sourceTree = "<group>"; };
		248A9EFD2B2D660400C99490 /* New_Foreflight.app */ = {isa = PBXFileReference; explicitFileType = wrapper.application; includeInIndex = 0; path = New_Foreflight.app; sourceTree = BUILT_PRODUCTS_DIR; };
		248A9F002B2D660400C99490 /* New_ForeflightApp.swift */ = {isa = PBXFileReference; lastKnownFileType = sourcecode.swift; path = New_ForeflightApp.swift; sourceTree = "<group>"; };
		248A9F022B2D660400C99490 /* ContentView.swift */ = {isa = PBXFileReference; lastKnownFileType = sourcecode.swift; path = ContentView.swift; sourceTree = "<group>"; };
		248A9F042B2D660A00C99490 /* Assets.xcassets */ = {isa = PBXFileReference; lastKnownFileType = folder.assetcatalog; path = Assets.xcassets; sourceTree = "<group>"; };
		248A9F062B2D660A00C99490 /* New_Foreflight.entitlements */ = {isa = PBXFileReference; lastKnownFileType = text.plist.entitlements; path = New_Foreflight.entitlements; sourceTree = "<group>"; };
		248A9F082B2D660A00C99490 /* Preview Assets.xcassets */ = {isa = PBXFileReference; lastKnownFileType = folder.assetcatalog; path = "Preview Assets.xcassets"; sourceTree = "<group>"; };
		248A9F0E2B2D660A00C99490 /* New_ForeflightTests.xctest */ = {isa = PBXFileReference; explicitFileType = wrapper.cfbundle; includeInIndex = 0; path = New_ForeflightTests.xctest; sourceTree = BUILT_PRODUCTS_DIR; };
		248A9F122B2D660A00C99490 /* New_ForeflightTests.swift */ = {isa = PBXFileReference; lastKnownFileType = sourcecode.swift; path = New_ForeflightTests.swift; sourceTree = "<group>"; };
		248A9F182B2D660B00C99490 /* New_ForeflightUITests.xctest */ = {isa = PBXFileReference; explicitFileType = wrapper.cfbundle; includeInIndex = 0; path = New_ForeflightUITests.xctest; sourceTree = BUILT_PRODUCTS_DIR; };
		248A9F1C2B2D660B00C99490 /* New_ForeflightUITests.swift */ = {isa = PBXFileReference; lastKnownFileType = sourcecode.swift; path = New_ForeflightUITests.swift; sourceTree = "<group>"; };
		248A9F1E2B2D660B00C99490 /* New_ForeflightUITestsLaunchTests.swift */ = {isa = PBXFileReference; lastKnownFileType = sourcecode.swift; path = New_ForeflightUITestsLaunchTests.swift; sourceTree = "<group>"; };
		248DE9AD2B377501007C976D /* AirportDetailsView.swift */ = {isa = PBXFileReference; lastKnownFileType = sourcecode.swift; path = AirportDetailsView.swift; sourceTree = "<group>"; };
		249164562B32762E00D505AC /* Airports.txt */ = {isa = PBXFileReference; fileEncoding = 4; lastKnownFileType = text; path = Airports.txt; sourceTree = "<group>"; };
		249164582B32F37600D505AC /* Airport.swift */ = {isa = PBXFileReference; lastKnownFileType = sourcecode.swift; path = Airport.swift; sourceTree = "<group>"; };
		2491645A2B32F3F800D505AC /* Reading.swift */ = {isa = PBXFileReference; lastKnownFileType = sourcecode.swift; path = Reading.swift; sourceTree = "<group>"; };
		249AEE8F2B4BDFC1003459EA /* Titlesection.swift */ = {isa = PBXFileReference; lastKnownFileType = sourcecode.swift; path = Titlesection.swift; sourceTree = "<group>"; };
		24C7CAF02B3E85D4009EA545 /* WebView.swift */ = {isa = PBXFileReference; lastKnownFileType = sourcecode.swift; path = WebView.swift; sourceTree = "<group>"; };
		24CF75152B3D611B00B751E0 /* PlatesView.swift */ = {isa = PBXFileReference; lastKnownFileType = sourcecode.swift; path = PlatesView.swift; sourceTree = "<group>"; };
		24CF75172B3D612E00B751E0 /* PlatesViewModel.swift */ = {isa = PBXFileReference; lastKnownFileType = sourcecode.swift; path = PlatesViewModel.swift; sourceTree = "<group>"; };
		24CF75192B3D614900B751E0 /* NotamsViewModel.swift */ = {isa = PBXFileReference; lastKnownFileType = sourcecode.swift; path = NotamsViewModel.swift; sourceTree = "<group>"; };
		24CF751B2B3D615A00B751E0 /* FrequenciesView.swift */ = {isa = PBXFileReference; lastKnownFileType = sourcecode.swift; path = FrequenciesView.swift; sourceTree = "<group>"; };
		24CF751D2B3D616A00B751E0 /* FrequenciesViewModel.swift */ = {isa = PBXFileReference; lastKnownFileType = sourcecode.swift; path = FrequenciesViewModel.swift; sourceTree = "<group>"; };
		24D9C12C2B37893B00772DF1 /* AirportDetailModel.swift */ = {isa = PBXFileReference; lastKnownFileType = sourcecode.swift; path = AirportDetailModel.swift; sourceTree = "<group>"; };
		24D9C12E2B37F8CB00772DF1 /* METAR_View.swift */ = {isa = PBXFileReference; lastKnownFileType = sourcecode.swift; path = METAR_View.swift; sourceTree = "<group>"; };
		24D9C1302B37F90100772DF1 /* RunwaysView.swift */ = {isa = PBXFileReference; lastKnownFileType = sourcecode.swift; path = RunwaysView.swift; sourceTree = "<group>"; };
		24D9C1322B37F92200772DF1 /* NOTAMS_View .swift */ = {isa = PBXFileReference; lastKnownFileType = sourcecode.swift; path = "NOTAMS_View .swift"; sourceTree = "<group>"; };
		24D9C1352B381C3500772DF1 /* METAR_Parser.swift */ = {isa = PBXFileReference; lastKnownFileType = sourcecode.swift; path = METAR_Parser.swift; sourceTree = "<group>"; };
		24DD6BBE2B36C0E000CA6029 /* API_Req.swift */ = {isa = PBXFileReference; lastKnownFileType = sourcecode.swift; path = API_Req.swift; sourceTree = "<group>"; };
		24F33F552B4365A9003EABB4 /* Maps */ = {isa = PBXFileReference; lastKnownFileType = text; path = Maps; sourceTree = "<group>"; };
/* End PBXFileReference section */

/* Begin PBXFrameworksBuildPhase section */
		248A9EFA2B2D660400C99490 /* Frameworks */ = {
			isa = PBXFrameworksBuildPhase;
			buildActionMask = 2147483647;
			files = (
				245C35412B3900E800CD3DC1 /* METAR in Frameworks */,
			);
			runOnlyForDeploymentPostprocessing = 0;
		};
		248A9F0B2B2D660A00C99490 /* Frameworks */ = {
			isa = PBXFrameworksBuildPhase;
			buildActionMask = 2147483647;
			files = (
			);
			runOnlyForDeploymentPostprocessing = 0;
		};
		248A9F152B2D660B00C99490 /* Frameworks */ = {
			isa = PBXFrameworksBuildPhase;
			buildActionMask = 2147483647;
			files = (
			);
			runOnlyForDeploymentPostprocessing = 0;
		};
/* End PBXFrameworksBuildPhase section */

/* Begin PBXGroup section */
		248A9EF42B2D660300C99490 = {
			isa = PBXGroup;
			children = (
				2477B8112B424B9B004523FD /* AnnotationView.swift */,
				248A9EFF2B2D660400C99490 /* New_Foreflight */,
				248A9F112B2D660A00C99490 /* New_ForeflightTests */,
				248A9F1B2B2D660B00C99490 /* New_ForeflightUITests */,
				248A9EFE2B2D660400C99490 /* Products */,
				24D9C1372B38343B00772DF1 /* Frameworks */,
			);
			sourceTree = "<group>";
		};
		248A9EFE2B2D660400C99490 /* Products */ = {
			isa = PBXGroup;
			children = (
				248A9EFD2B2D660400C99490 /* New_Foreflight.app */,
				248A9F0E2B2D660A00C99490 /* New_ForeflightTests.xctest */,
				248A9F182B2D660B00C99490 /* New_ForeflightUITests.xctest */,
			);
			name = Products;
			sourceTree = "<group>";
		};
		248A9EFF2B2D660400C99490 /* New_Foreflight */ = {
			isa = PBXGroup;
			children = (
				24CF751D2B3D616A00B751E0 /* FrequenciesViewModel.swift */,
				24813A152B42B125003616F6 /* Map.geojson */,
				244445312B351B44001854DD /* Tower.jpg */,
				24CF75192B3D614900B751E0 /* NotamsViewModel.swift */,
				24CF751B2B3D615A00B751E0 /* FrequenciesView.swift */,
				2444452D2B33FA8E001854DD /* LocationPreviewView.swift */,
				24D9C12C2B37893B00772DF1 /* AirportDetailModel.swift */,
				248DE9AD2B377501007C976D /* AirportDetailsView.swift */,
				249AEE8F2B4BDFC1003459EA /* Titlesection.swift */,
				24CF75152B3D611B00B751E0 /* PlatesView.swift */,
				24CF75172B3D612E00B751E0 /* PlatesViewModel.swift */,
				24D9C12E2B37F8CB00772DF1 /* METAR_View.swift */,
				246715582B43F79000DCDFAB /* Class_B.json */,
				246715502B436D0B00DCDFAB /* Special.json */,
				246715522B43C61800DCDFAB /* TFR.json */,
				246715562B43E7AD00DCDFAB /* Staduims.json */,
				24D9C1352B381C3500772DF1 /* METAR_Parser.swift */,
				24D9C1302B37F90100772DF1 /* RunwaysView.swift */,
				24D9C1322B37F92200772DF1 /* NOTAMS_View .swift */,
				249164562B32762E00D505AC /* Airports.txt */,
				248A9F002B2D660400C99490 /* New_ForeflightApp.swift */,
				248A9F022B2D660400C99490 /* ContentView.swift */,
				2477B80F2B42303A004523FD /* MapView .swift */,
				24DD6BBE2B36C0E000CA6029 /* API_Req.swift */,
				2491645A2B32F3F800D505AC /* Reading.swift */,
				249164582B32F37600D505AC /* Airport.swift */,
				248A9F042B2D660A00C99490 /* Assets.xcassets */,
				248A9F062B2D660A00C99490 /* New_Foreflight.entitlements */,
				248A9F072B2D660A00C99490 /* Preview Content */,
				24C7CAF02B3E85D4009EA545 /* WebView.swift */,
				24F33F552B4365A9003EABB4 /* Maps */,
				246715542B43E76D00DCDFAB /* ASpace_bounds.json */,
			);
			path = New_Foreflight;
			sourceTree = "<group>";
		};
		248A9F072B2D660A00C99490 /* Preview Content */ = {
			isa = PBXGroup;
			children = (
				248A9F082B2D660A00C99490 /* Preview Assets.xcassets */,
			);
			path = "Preview Content";
			sourceTree = "<group>";
		};
		248A9F112B2D660A00C99490 /* New_ForeflightTests */ = {
			isa = PBXGroup;
			children = (
				248A9F122B2D660A00C99490 /* New_ForeflightTests.swift */,
			);
			path = New_ForeflightTests;
			sourceTree = "<group>";
		};
		248A9F1B2B2D660B00C99490 /* New_ForeflightUITests */ = {
			isa = PBXGroup;
			children = (
				248A9F1C2B2D660B00C99490 /* New_ForeflightUITests.swift */,
				248A9F1E2B2D660B00C99490 /* New_ForeflightUITestsLaunchTests.swift */,
			);
			path = New_ForeflightUITests;
			sourceTree = "<group>";
		};
		24D9C1372B38343B00772DF1 /* Frameworks */ = {
			isa = PBXGroup;
			children = (
			);
			name = Frameworks;
			sourceTree = "<group>";
		};
/* End PBXGroup section */

/* Begin PBXNativeTarget section */
		248A9EFC2B2D660400C99490 /* New_Foreflight */ = {
			isa = PBXNativeTarget;
			buildConfigurationList = 248A9F222B2D660B00C99490 /* Build configuration list for PBXNativeTarget "New_Foreflight" */;
			buildPhases = (
				248A9EF92B2D660400C99490 /* Sources */,
				248A9EFA2B2D660400C99490 /* Frameworks */,
				248A9EFB2B2D660400C99490 /* Resources */,
			);
			buildRules = (
			);
			dependencies = (
			);
			name = New_Foreflight;
			packageProductDependencies = (
				245C35402B3900E800CD3DC1 /* METAR */,
			);
			productName = New_Foreflight;
			productReference = 248A9EFD2B2D660400C99490 /* New_Foreflight.app */;
			productType = "com.apple.product-type.application";
		};
		248A9F0D2B2D660A00C99490 /* New_ForeflightTests */ = {
			isa = PBXNativeTarget;
			buildConfigurationList = 248A9F252B2D660B00C99490 /* Build configuration list for PBXNativeTarget "New_ForeflightTests" */;
			buildPhases = (
				248A9F0A2B2D660A00C99490 /* Sources */,
				248A9F0B2B2D660A00C99490 /* Frameworks */,
				248A9F0C2B2D660A00C99490 /* Resources */,
			);
			buildRules = (
			);
			dependencies = (
				248A9F102B2D660A00C99490 /* PBXTargetDependency */,
			);
			name = New_ForeflightTests;
			productName = New_ForeflightTests;
			productReference = 248A9F0E2B2D660A00C99490 /* New_ForeflightTests.xctest */;
			productType = "com.apple.product-type.bundle.unit-test";
		};
		248A9F172B2D660B00C99490 /* New_ForeflightUITests */ = {
			isa = PBXNativeTarget;
			buildConfigurationList = 248A9F282B2D660B00C99490 /* Build configuration list for PBXNativeTarget "New_ForeflightUITests" */;
			buildPhases = (
				248A9F142B2D660B00C99490 /* Sources */,
				248A9F152B2D660B00C99490 /* Frameworks */,
				248A9F162B2D660B00C99490 /* Resources */,
			);
			buildRules = (
			);
			dependencies = (
				248A9F1A2B2D660B00C99490 /* PBXTargetDependency */,
			);
			name = New_ForeflightUITests;
			productName = New_ForeflightUITests;
			productReference = 248A9F182B2D660B00C99490 /* New_ForeflightUITests.xctest */;
			productType = "com.apple.product-type.bundle.ui-testing";
		};
/* End PBXNativeTarget section */

/* Begin PBXProject section */
		248A9EF52B2D660400C99490 /* Project object */ = {
			isa = PBXProject;
			attributes = {
				BuildIndependentTargetsInParallel = 1;
				LastSwiftUpdateCheck = 1510;
				LastUpgradeCheck = 1510;
				TargetAttributes = {
					248A9EFC2B2D660400C99490 = {
						CreatedOnToolsVersion = 15.1;
					};
					248A9F0D2B2D660A00C99490 = {
						CreatedOnToolsVersion = 15.1;
						TestTargetID = 248A9EFC2B2D660400C99490;
					};
					248A9F172B2D660B00C99490 = {
						CreatedOnToolsVersion = 15.1;
						TestTargetID = 248A9EFC2B2D660400C99490;
					};
				};
			};
			buildConfigurationList = 248A9EF82B2D660400C99490 /* Build configuration list for PBXProject "New_Foreflight" */;
			compatibilityVersion = "Xcode 14.0";
			developmentRegion = en;
			hasScannedForEncodings = 0;
			knownRegions = (
				en,
				Base,
			);
			mainGroup = 248A9EF42B2D660300C99490;
			packageReferences = (
				245C353F2B3900E800CD3DC1 /* XCRemoteSwiftPackageReference "SwiftMETAR" */,
				245098A62B4153AA00BACF51 /* XCRemoteSwiftPackageReference "Cluster" */,
			);
			productRefGroup = 248A9EFE2B2D660400C99490 /* Products */;
			projectDirPath = "";
			projectRoot = "";
			targets = (
				248A9EFC2B2D660400C99490 /* New_Foreflight */,
				248A9F0D2B2D660A00C99490 /* New_ForeflightTests */,
				248A9F172B2D660B00C99490 /* New_ForeflightUITests */,
			);
		};
/* End PBXProject section */

/* Begin PBXResourcesBuildPhase section */
		248A9EFB2B2D660400C99490 /* Resources */ = {
			isa = PBXResourcesBuildPhase;
			buildActionMask = 2147483647;
			files = (
				249164572B32762E00D505AC /* Airports.txt in Resources */,
				246715552B43E76E00DCDFAB /* ASpace_bounds.json in Resources */,
				246715512B436D0B00DCDFAB /* Special.json in Resources */,
				246715572B43E7AD00DCDFAB /* Staduims.json in Resources */,
				24F33F562B4365A9003EABB4 /* Maps in Resources */,
				244445322B351B44001854DD /* Tower.jpg in Resources */,
				246715592B43F79000DCDFAB /* Class_B.json in Resources */,
				246715532B43C61800DCDFAB /* TFR.json in Resources */,
				248A9F092B2D660A00C99490 /* Preview Assets.xcassets in Resources */,
				248A9F052B2D660A00C99490 /* Assets.xcassets in Resources */,
				24813A162B42B125003616F6 /* Map.geojson in Resources */,
			);
			runOnlyForDeploymentPostprocessing = 0;
		};
		248A9F0C2B2D660A00C99490 /* Resources */ = {
			isa = PBXResourcesBuildPhase;
			buildActionMask = 2147483647;
			files = (
			);
			runOnlyForDeploymentPostprocessing = 0;
		};
		248A9F162B2D660B00C99490 /* Resources */ = {
			isa = PBXResourcesBuildPhase;
			buildActionMask = 2147483647;
			files = (
			);
			runOnlyForDeploymentPostprocessing = 0;
		};
/* End PBXResourcesBuildPhase section */

/* Begin PBXSourcesBuildPhase section */
		248A9EF92B2D660400C99490 /* Sources */ = {
			isa = PBXSourcesBuildPhase;
			buildActionMask = 2147483647;
			files = (
				24CF75162B3D611B00B751E0 /* PlatesView.swift in Sources */,
				2477B8102B42303A004523FD /* MapView .swift in Sources */,
				24CF751E2B3D616A00B751E0 /* FrequenciesViewModel.swift in Sources */,
				24D9C1332B37F92200772DF1 /* NOTAMS_View .swift in Sources */,
				24D9C12D2B37893B00772DF1 /* AirportDetailModel.swift in Sources */,
				24CF751A2B3D614900B751E0 /* NotamsViewModel.swift in Sources */,
				24D9C1362B381C3500772DF1 /* METAR_Parser.swift in Sources */,
				24CF751C2B3D615A00B751E0 /* FrequenciesView.swift in Sources */,
				248DE9AE2B377501007C976D /* AirportDetailsView.swift in Sources */,
				249164592B32F37600D505AC /* Airport.swift in Sources */,
				24DD6BBF2B36C0E000CA6029 /* API_Req.swift in Sources */,
				249AEE902B4BDFC1003459EA /* Titlesection.swift in Sources */,
				24CF75182B3D612E00B751E0 /* PlatesViewModel.swift in Sources */,
				24D9C1312B37F90100772DF1 /* RunwaysView.swift in Sources */,
				248A9F032B2D660400C99490 /* ContentView.swift in Sources */,
				2477B8122B424B9B004523FD /* AnnotationView.swift in Sources */,
				24D9C12F2B37F8CB00772DF1 /* METAR_View.swift in Sources */,
				2491645B2B32F3F800D505AC /* Reading.swift in Sources */,
				24C7CAF12B3E85D4009EA545 /* WebView.swift in Sources */,
				2444452E2B33FA8E001854DD /* LocationPreviewView.swift in Sources */,
				248A9F012B2D660400C99490 /* New_ForeflightApp.swift in Sources */,
			);
			runOnlyForDeploymentPostprocessing = 0;
		};
		248A9F0A2B2D660A00C99490 /* Sources */ = {
			isa = PBXSourcesBuildPhase;
			buildActionMask = 2147483647;
			files = (
				248A9F132B2D660A00C99490 /* New_ForeflightTests.swift in Sources */,
			);
			runOnlyForDeploymentPostprocessing = 0;
		};
		248A9F142B2D660B00C99490 /* Sources */ = {
			isa = PBXSourcesBuildPhase;
			buildActionMask = 2147483647;
			files = (
				248A9F1D2B2D660B00C99490 /* New_ForeflightUITests.swift in Sources */,
				248A9F1F2B2D660B00C99490 /* New_ForeflightUITestsLaunchTests.swift in Sources */,
			);
			runOnlyForDeploymentPostprocessing = 0;
		};
/* End PBXSourcesBuildPhase section */

/* Begin PBXTargetDependency section */
		248A9F102B2D660A00C99490 /* PBXTargetDependency */ = {
			isa = PBXTargetDependency;
			target = 248A9EFC2B2D660400C99490 /* New_Foreflight */;
			targetProxy = 248A9F0F2B2D660A00C99490 /* PBXContainerItemProxy */;
		};
		248A9F1A2B2D660B00C99490 /* PBXTargetDependency */ = {
			isa = PBXTargetDependency;
			target = 248A9EFC2B2D660400C99490 /* New_Foreflight */;
			targetProxy = 248A9F192B2D660B00C99490 /* PBXContainerItemProxy */;
		};
/* End PBXTargetDependency section */

/* Begin XCBuildConfiguration section */
		248A9F202B2D660B00C99490 /* Debug */ = {
			isa = XCBuildConfiguration;
			buildSettings = {
				ALWAYS_SEARCH_USER_PATHS = NO;
				ASSETCATALOG_COMPILER_GENERATE_SWIFT_ASSET_SYMBOL_EXTENSIONS = YES;
				CLANG_ANALYZER_NONNULL = YES;
				CLANG_ANALYZER_NUMBER_OBJECT_CONVERSION = YES_AGGRESSIVE;
				CLANG_CXX_LANGUAGE_STANDARD = "gnu++20";
				CLANG_ENABLE_MODULES = YES;
				CLANG_ENABLE_OBJC_ARC = YES;
				CLANG_ENABLE_OBJC_WEAK = YES;
				CLANG_WARN_BLOCK_CAPTURE_AUTORELEASING = YES;
				CLANG_WARN_BOOL_CONVERSION = YES;
				CLANG_WARN_COMMA = YES;
				CLANG_WARN_CONSTANT_CONVERSION = YES;
				CLANG_WARN_DEPRECATED_OBJC_IMPLEMENTATIONS = YES;
				CLANG_WARN_DIRECT_OBJC_ISA_USAGE = YES_ERROR;
				CLANG_WARN_DOCUMENTATION_COMMENTS = YES;
				CLANG_WARN_EMPTY_BODY = YES;
				CLANG_WARN_ENUM_CONVERSION = YES;
				CLANG_WARN_INFINITE_RECURSION = YES;
				CLANG_WARN_INT_CONVERSION = YES;
				CLANG_WARN_NON_LITERAL_NULL_CONVERSION = YES;
				CLANG_WARN_OBJC_IMPLICIT_RETAIN_SELF = YES;
				CLANG_WARN_OBJC_LITERAL_CONVERSION = YES;
				CLANG_WARN_OBJC_ROOT_CLASS = YES_ERROR;
				CLANG_WARN_QUOTED_INCLUDE_IN_FRAMEWORK_HEADER = YES;
				CLANG_WARN_RANGE_LOOP_ANALYSIS = YES;
				CLANG_WARN_STRICT_PROTOTYPES = YES;
				CLANG_WARN_SUSPICIOUS_MOVE = YES;
				CLANG_WARN_UNGUARDED_AVAILABILITY = YES_AGGRESSIVE;
				CLANG_WARN_UNREACHABLE_CODE = YES;
				CLANG_WARN__DUPLICATE_METHOD_MATCH = YES;
				COPY_PHASE_STRIP = NO;
				DEBUG_INFORMATION_FORMAT = dwarf;
				ENABLE_STRICT_OBJC_MSGSEND = YES;
				ENABLE_TESTABILITY = YES;
				ENABLE_USER_SCRIPT_SANDBOXING = YES;
				GCC_C_LANGUAGE_STANDARD = gnu17;
				GCC_DYNAMIC_NO_PIC = NO;
				GCC_NO_COMMON_BLOCKS = YES;
				GCC_OPTIMIZATION_LEVEL = 0;
				GCC_PREPROCESSOR_DEFINITIONS = (
					"DEBUG=1",
					"$(inherited)",
				);
				GCC_WARN_64_TO_32_BIT_CONVERSION = YES;
				GCC_WARN_ABOUT_RETURN_TYPE = YES_ERROR;
				GCC_WARN_UNDECLARED_SELECTOR = YES;
				GCC_WARN_UNINITIALIZED_AUTOS = YES_AGGRESSIVE;
				GCC_WARN_UNUSED_FUNCTION = YES;
				GCC_WARN_UNUSED_VARIABLE = YES;
				LOCALIZATION_PREFERS_STRING_CATALOGS = YES;
				MTL_ENABLE_DEBUG_INFO = INCLUDE_SOURCE;
				MTL_FAST_MATH = YES;
				ONLY_ACTIVE_ARCH = YES;
				SWIFT_ACTIVE_COMPILATION_CONDITIONS = "DEBUG $(inherited)";
				SWIFT_OPTIMIZATION_LEVEL = "-Onone";
			};
			name = Debug;
		};
		248A9F212B2D660B00C99490 /* Release */ = {
			isa = XCBuildConfiguration;
			buildSettings = {
				ALWAYS_SEARCH_USER_PATHS = NO;
				ASSETCATALOG_COMPILER_GENERATE_SWIFT_ASSET_SYMBOL_EXTENSIONS = YES;
				CLANG_ANALYZER_NONNULL = YES;
				CLANG_ANALYZER_NUMBER_OBJECT_CONVERSION = YES_AGGRESSIVE;
				CLANG_CXX_LANGUAGE_STANDARD = "gnu++20";
				CLANG_ENABLE_MODULES = YES;
				CLANG_ENABLE_OBJC_ARC = YES;
				CLANG_ENABLE_OBJC_WEAK = YES;
				CLANG_WARN_BLOCK_CAPTURE_AUTORELEASING = YES;
				CLANG_WARN_BOOL_CONVERSION = YES;
				CLANG_WARN_COMMA = YES;
				CLANG_WARN_CONSTANT_CONVERSION = YES;
				CLANG_WARN_DEPRECATED_OBJC_IMPLEMENTATIONS = YES;
				CLANG_WARN_DIRECT_OBJC_ISA_USAGE = YES_ERROR;
				CLANG_WARN_DOCUMENTATION_COMMENTS = YES;
				CLANG_WARN_EMPTY_BODY = YES;
				CLANG_WARN_ENUM_CONVERSION = YES;
				CLANG_WARN_INFINITE_RECURSION = YES;
				CLANG_WARN_INT_CONVERSION = YES;
				CLANG_WARN_NON_LITERAL_NULL_CONVERSION = YES;
				CLANG_WARN_OBJC_IMPLICIT_RETAIN_SELF = YES;
				CLANG_WARN_OBJC_LITERAL_CONVERSION = YES;
				CLANG_WARN_OBJC_ROOT_CLASS = YES_ERROR;
				CLANG_WARN_QUOTED_INCLUDE_IN_FRAMEWORK_HEADER = YES;
				CLANG_WARN_RANGE_LOOP_ANALYSIS = YES;
				CLANG_WARN_STRICT_PROTOTYPES = YES;
				CLANG_WARN_SUSPICIOUS_MOVE = YES;
				CLANG_WARN_UNGUARDED_AVAILABILITY = YES_AGGRESSIVE;
				CLANG_WARN_UNREACHABLE_CODE = YES;
				CLANG_WARN__DUPLICATE_METHOD_MATCH = YES;
				COPY_PHASE_STRIP = NO;
				DEBUG_INFORMATION_FORMAT = "dwarf-with-dsym";
				ENABLE_NS_ASSERTIONS = NO;
				ENABLE_STRICT_OBJC_MSGSEND = YES;
				ENABLE_USER_SCRIPT_SANDBOXING = YES;
				GCC_C_LANGUAGE_STANDARD = gnu17;
				GCC_NO_COMMON_BLOCKS = YES;
				GCC_WARN_64_TO_32_BIT_CONVERSION = YES;
				GCC_WARN_ABOUT_RETURN_TYPE = YES_ERROR;
				GCC_WARN_UNDECLARED_SELECTOR = YES;
				GCC_WARN_UNINITIALIZED_AUTOS = YES_AGGRESSIVE;
				GCC_WARN_UNUSED_FUNCTION = YES;
				GCC_WARN_UNUSED_VARIABLE = YES;
				LOCALIZATION_PREFERS_STRING_CATALOGS = YES;
				MTL_ENABLE_DEBUG_INFO = NO;
				MTL_FAST_MATH = YES;
				SWIFT_COMPILATION_MODE = wholemodule;
			};
			name = Release;
		};
		248A9F232B2D660B00C99490 /* Debug */ = {
			isa = XCBuildConfiguration;
			buildSettings = {
				ASSETCATALOG_COMPILER_APPICON_NAME = AppIcon;
				ASSETCATALOG_COMPILER_GLOBAL_ACCENT_COLOR_NAME = AccentColor;
				CODE_SIGN_ENTITLEMENTS = New_Foreflight/New_Foreflight.entitlements;
				CODE_SIGN_STYLE = Automatic;
				CURRENT_PROJECT_VERSION = 1;
				DEVELOPMENT_ASSET_PATHS = "\"New_Foreflight/Preview Content\"";
				DEVELOPMENT_TEAM = MYURL5GNT3;
				ENABLE_HARDENED_RUNTIME = YES;
				ENABLE_PREVIEWS = YES;
				GENERATE_INFOPLIST_FILE = YES;
				"INFOPLIST_KEY_UIApplicationSceneManifest_Generation[sdk=iphoneos*]" = YES;
				"INFOPLIST_KEY_UIApplicationSceneManifest_Generation[sdk=iphonesimulator*]" = YES;
				"INFOPLIST_KEY_UIApplicationSupportsIndirectInputEvents[sdk=iphoneos*]" = YES;
				"INFOPLIST_KEY_UIApplicationSupportsIndirectInputEvents[sdk=iphonesimulator*]" = YES;
				"INFOPLIST_KEY_UILaunchScreen_Generation[sdk=iphoneos*]" = YES;
				"INFOPLIST_KEY_UILaunchScreen_Generation[sdk=iphonesimulator*]" = YES;
				"INFOPLIST_KEY_UIStatusBarStyle[sdk=iphoneos*]" = UIStatusBarStyleDefault;
				"INFOPLIST_KEY_UIStatusBarStyle[sdk=iphonesimulator*]" = UIStatusBarStyleDefault;
				INFOPLIST_KEY_UISupportedInterfaceOrientations_iPad = "UIInterfaceOrientationPortrait UIInterfaceOrientationPortraitUpsideDown UIInterfaceOrientationLandscapeLeft UIInterfaceOrientationLandscapeRight";
				INFOPLIST_KEY_UISupportedInterfaceOrientations_iPhone = "UIInterfaceOrientationPortrait UIInterfaceOrientationLandscapeLeft UIInterfaceOrientationLandscapeRight";
				IPHONEOS_DEPLOYMENT_TARGET = 17.2;
				LD_RUNPATH_SEARCH_PATHS = "@executable_path/Frameworks";
				"LD_RUNPATH_SEARCH_PATHS[sdk=macosx*]" = "@executable_path/../Frameworks";
				MACOSX_DEPLOYMENT_TARGET = 13.6;
				MARKETING_VERSION = 1.0;
				PRODUCT_BUNDLE_IDENTIFIER = "JohnF.New-Foreflight";
				PRODUCT_NAME = "$(TARGET_NAME)";
				SDKROOT = auto;
				SUPPORTED_PLATFORMS = "iphoneos iphonesimulator macosx";
				SWIFT_EMIT_LOC_STRINGS = YES;
				SWIFT_VERSION = 5.0;
				TARGETED_DEVICE_FAMILY = "1,2";
			};
			name = Debug;
		};
		248A9F242B2D660B00C99490 /* Release */ = {
			isa = XCBuildConfiguration;
			buildSettings = {
				ASSETCATALOG_COMPILER_APPICON_NAME = AppIcon;
				ASSETCATALOG_COMPILER_GLOBAL_ACCENT_COLOR_NAME = AccentColor;
				CODE_SIGN_ENTITLEMENTS = New_Foreflight/New_Foreflight.entitlements;
				CODE_SIGN_STYLE = Automatic;
				CURRENT_PROJECT_VERSION = 1;
				DEVELOPMENT_ASSET_PATHS = "\"New_Foreflight/Preview Content\"";
				DEVELOPMENT_TEAM = MYURL5GNT3;
				ENABLE_HARDENED_RUNTIME = YES;
				ENABLE_PREVIEWS = YES;
				GENERATE_INFOPLIST_FILE = YES;
				"INFOPLIST_KEY_UIApplicationSceneManifest_Generation[sdk=iphoneos*]" = YES;
				"INFOPLIST_KEY_UIApplicationSceneManifest_Generation[sdk=iphonesimulator*]" = YES;
				"INFOPLIST_KEY_UIApplicationSupportsIndirectInputEvents[sdk=iphoneos*]" = YES;
				"INFOPLIST_KEY_UIApplicationSupportsIndirectInputEvents[sdk=iphonesimulator*]" = YES;
				"INFOPLIST_KEY_UILaunchScreen_Generation[sdk=iphoneos*]" = YES;
				"INFOPLIST_KEY_UILaunchScreen_Generation[sdk=iphonesimulator*]" = YES;
				"INFOPLIST_KEY_UIStatusBarStyle[sdk=iphoneos*]" = UIStatusBarStyleDefault;
				"INFOPLIST_KEY_UIStatusBarStyle[sdk=iphonesimulator*]" = UIStatusBarStyleDefault;
				INFOPLIST_KEY_UISupportedInterfaceOrientations_iPad = "UIInterfaceOrientationPortrait UIInterfaceOrientationPortraitUpsideDown UIInterfaceOrientationLandscapeLeft UIInterfaceOrientationLandscapeRight";
				INFOPLIST_KEY_UISupportedInterfaceOrientations_iPhone = "UIInterfaceOrientationPortrait UIInterfaceOrientationLandscapeLeft UIInterfaceOrientationLandscapeRight";
				IPHONEOS_DEPLOYMENT_TARGET = 17.2;
				LD_RUNPATH_SEARCH_PATHS = "@executable_path/Frameworks";
				"LD_RUNPATH_SEARCH_PATHS[sdk=macosx*]" = "@executable_path/../Frameworks";
				MACOSX_DEPLOYMENT_TARGET = 13.6;
				MARKETING_VERSION = 1.0;
				PRODUCT_BUNDLE_IDENTIFIER = "JohnF.New-Foreflight";
				PRODUCT_NAME = "$(TARGET_NAME)";
				SDKROOT = auto;
				SUPPORTED_PLATFORMS = "iphoneos iphonesimulator macosx";
				SWIFT_EMIT_LOC_STRINGS = YES;
				SWIFT_VERSION = 5.0;
				TARGETED_DEVICE_FAMILY = "1,2";
			};
			name = Release;
		};
		248A9F262B2D660B00C99490 /* Debug */ = {
			isa = XCBuildConfiguration;
			buildSettings = {
				ALWAYS_EMBED_SWIFT_STANDARD_LIBRARIES = YES;
				BUNDLE_LOADER = "$(TEST_HOST)";
				CODE_SIGN_STYLE = Automatic;
				CURRENT_PROJECT_VERSION = 1;
				DEVELOPMENT_TEAM = MYURL5GNT3;
				GENERATE_INFOPLIST_FILE = YES;
				IPHONEOS_DEPLOYMENT_TARGET = 17.2;
				MACOSX_DEPLOYMENT_TARGET = 13.6;
				MARKETING_VERSION = 1.0;
				PRODUCT_BUNDLE_IDENTIFIER = "JohnF.New-ForeflightTests";
				PRODUCT_NAME = "$(TARGET_NAME)";
				SDKROOT = auto;
				SUPPORTED_PLATFORMS = "iphoneos iphonesimulator macosx";
				SWIFT_EMIT_LOC_STRINGS = NO;
				SWIFT_VERSION = 5.0;
				TARGETED_DEVICE_FAMILY = "1,2";
				TEST_HOST = "$(BUILT_PRODUCTS_DIR)/New_Foreflight.app/$(BUNDLE_EXECUTABLE_FOLDER_PATH)/New_Foreflight";
			};
			name = Debug;
		};
		248A9F272B2D660B00C99490 /* Release */ = {
			isa = XCBuildConfiguration;
			buildSettings = {
				ALWAYS_EMBED_SWIFT_STANDARD_LIBRARIES = YES;
				BUNDLE_LOADER = "$(TEST_HOST)";
				CODE_SIGN_STYLE = Automatic;
				CURRENT_PROJECT_VERSION = 1;
				DEVELOPMENT_TEAM = MYURL5GNT3;
				GENERATE_INFOPLIST_FILE = YES;
				IPHONEOS_DEPLOYMENT_TARGET = 17.2;
				MACOSX_DEPLOYMENT_TARGET = 13.6;
				MARKETING_VERSION = 1.0;
				PRODUCT_BUNDLE_IDENTIFIER = "JohnF.New-ForeflightTests";
				PRODUCT_NAME = "$(TARGET_NAME)";
				SDKROOT = auto;
				SUPPORTED_PLATFORMS = "iphoneos iphonesimulator macosx";
				SWIFT_EMIT_LOC_STRINGS = NO;
				SWIFT_VERSION = 5.0;
				TARGETED_DEVICE_FAMILY = "1,2";
				TEST_HOST = "$(BUILT_PRODUCTS_DIR)/New_Foreflight.app/$(BUNDLE_EXECUTABLE_FOLDER_PATH)/New_Foreflight";
			};
			name = Release;
		};
		248A9F292B2D660B00C99490 /* Debug */ = {
			isa = XCBuildConfiguration;
			buildSettings = {
				ALWAYS_EMBED_SWIFT_STANDARD_LIBRARIES = YES;
				CODE_SIGN_STYLE = Automatic;
				CURRENT_PROJECT_VERSION = 1;
				DEVELOPMENT_TEAM = MYURL5GNT3;
				GENERATE_INFOPLIST_FILE = YES;
				IPHONEOS_DEPLOYMENT_TARGET = 17.2;
				MACOSX_DEPLOYMENT_TARGET = 13.6;
				MARKETING_VERSION = 1.0;
				PRODUCT_BUNDLE_IDENTIFIER = "JohnF.New-ForeflightUITests";
				PRODUCT_NAME = "$(TARGET_NAME)";
				SDKROOT = auto;
				SUPPORTED_PLATFORMS = "iphoneos iphonesimulator macosx";
				SWIFT_EMIT_LOC_STRINGS = NO;
				SWIFT_VERSION = 5.0;
				TARGETED_DEVICE_FAMILY = "1,2";
				TEST_TARGET_NAME = New_Foreflight;
			};
			name = Debug;
		};
		248A9F2A2B2D660B00C99490 /* Release */ = {
			isa = XCBuildConfiguration;
			buildSettings = {
				ALWAYS_EMBED_SWIFT_STANDARD_LIBRARIES = YES;
				CODE_SIGN_STYLE = Automatic;
				CURRENT_PROJECT_VERSION = 1;
				DEVELOPMENT_TEAM = MYURL5GNT3;
				GENERATE_INFOPLIST_FILE = YES;
				IPHONEOS_DEPLOYMENT_TARGET = 17.2;
				MACOSX_DEPLOYMENT_TARGET = 13.6;
				MARKETING_VERSION = 1.0;
				PRODUCT_BUNDLE_IDENTIFIER = "JohnF.New-ForeflightUITests";
				PRODUCT_NAME = "$(TARGET_NAME)";
				SDKROOT = auto;
				SUPPORTED_PLATFORMS = "iphoneos iphonesimulator macosx";
				SWIFT_EMIT_LOC_STRINGS = NO;
				SWIFT_VERSION = 5.0;
				TARGETED_DEVICE_FAMILY = "1,2";
				TEST_TARGET_NAME = New_Foreflight;
			};
			name = Release;
		};
/* End XCBuildConfiguration section */

/* Begin XCConfigurationList section */
		248A9EF82B2D660400C99490 /* Build configuration list for PBXProject "New_Foreflight" */ = {
			isa = XCConfigurationList;
			buildConfigurations = (
				248A9F202B2D660B00C99490 /* Debug */,
				248A9F212B2D660B00C99490 /* Release */,
			);
			defaultConfigurationIsVisible = 0;
			defaultConfigurationName = Release;
		};
		248A9F222B2D660B00C99490 /* Build configuration list for PBXNativeTarget "New_Foreflight" */ = {
			isa = XCConfigurationList;
			buildConfigurations = (
				248A9F232B2D660B00C99490 /* Debug */,
				248A9F242B2D660B00C99490 /* Release */,
			);
			defaultConfigurationIsVisible = 0;
			defaultConfigurationName = Release;
		};
		248A9F252B2D660B00C99490 /* Build configuration list for PBXNativeTarget "New_ForeflightTests" */ = {
			isa = XCConfigurationList;
			buildConfigurations = (
				248A9F262B2D660B00C99490 /* Debug */,
				248A9F272B2D660B00C99490 /* Release */,
			);
			defaultConfigurationIsVisible = 0;
			defaultConfigurationName = Release;
		};
		248A9F282B2D660B00C99490 /* Build configuration list for PBXNativeTarget "New_ForeflightUITests" */ = {
			isa = XCConfigurationList;
			buildConfigurations = (
				248A9F292B2D660B00C99490 /* Debug */,
				248A9F2A2B2D660B00C99490 /* Release */,
			);
			defaultConfigurationIsVisible = 0;
			defaultConfigurationName = Release;
		};
/* End XCConfigurationList section */

/* Begin XCRemoteSwiftPackageReference section */
		245098A62B4153AA00BACF51 /* XCRemoteSwiftPackageReference "Cluster" */ = {
			isa = XCRemoteSwiftPackageReference;
			repositoryURL = "https://github.com/efremidze/Cluster.git";
			requirement = {
				kind = upToNextMajorVersion;
				minimumVersion = 3.0.3;
			};
		};
		245C353F2B3900E800CD3DC1 /* XCRemoteSwiftPackageReference "SwiftMETAR" */ = {
			isa = XCRemoteSwiftPackageReference;
			repositoryURL = "https://github.com/JonathanDowning/SwiftMETAR.git";
			requirement = {
				kind = upToNextMajorVersion;
				minimumVersion = 2.1.1;
			};
		};
/* End XCRemoteSwiftPackageReference section */

/* Begin XCSwiftPackageProductDependency section */
		245C35402B3900E800CD3DC1 /* METAR */ = {
			isa = XCSwiftPackageProductDependency;
			package = 245C353F2B3900E800CD3DC1 /* XCRemoteSwiftPackageReference "SwiftMETAR" */;
			productName = METAR;
		};
/* End XCSwiftPackageProductDependency section */
	};
	rootObject = 248A9EF52B2D660400C99490 /* Project object */;
}
