{
  "pins" : [
    {
      "identity" : "swiftmetar",
      "kind" : "remoteSourceControl",
      "location" : "https://github.com/JonathanDowning/SwiftMETAR.git",
      "state" : {
        "revision" : "e3fcdf3a6ca2d2005f9646fd854f35fc5fb7de71",
        "version" : "2.1.1"
      }
    }
  ],
  "version" : 2
}
