{
  "pins" : [
    {
      "identity" : "regex",
      "kind" : "remoteSourceControl",
      "location" : "https://github.com/sharplet/Regex.git",
      "state" : {
        "revision" : "76c2b73d4281d77fc3118391877efd1bf972f515",
        "version" : "2.1.1"
      }
    },
    {
      "identity" : "swift-numberkit",
      "kind" : "remoteSourceControl",
      "location" : "https://github.com/objecthub/swift-numberkit.git",
      "state" : {
        "revision" : "0f9c918dcea73f6ff4ff762b8e83a0991ca668d9",
        "version" : "2.4.2"
      }
    },
    {
      "identity" : "swiftmetar",
      "kind" : "remoteSourceControl",
      "location" : "https://github.com/RISCfuture/SwiftMETAR/",
      "state" : {
        "branch" : "main",
        "revision" : "9d4937624bc8ece7f5310dd1def68083843181f0"
      }
    }
  ],
  "version" : 2
}
