{
  "pins" : [
    {
      "identity" : "cluster",
      "kind" : "remoteSourceControl",
      "location" : "https://github.com/efremidze/Cluster.git",
      "state" : {
        "revision" : "3c70568c779456355895adf354a01e7fe5440ebf",
        "version" : "3.0.3"
      }
    },
    {
      "identity" : "swiftmetar",
      "kind" : "remoteSourceControl",
      "location" : "https://github.com/JonathanDowning/SwiftMETAR.git",
      "state" : {
        "revision" : "e3fcdf3a6ca2d2005f9646fd854f35fc5fb7de71",
        "version" : "2.1.1"
      }
    }
  ],
  "version" : 2
}
